// !$*UTF8*$!
{
	archiveVersion = 1;
	classes = {
	};
	objectVersion = 50;
	objects = {

/* Begin PBXBuildFile section */
		52520C03253BF48B00E36C66 /* AppDelegate.swift in Sources */ = {isa = PBXBuildFile; fileRef = 52520C02253BF48B00E36C66 /* AppDelegate.swift */; };
		52520C05253BF48B00E36C66 /* SceneDelegate.swift in Sources */ = {isa = PBXBuildFile; fileRef = 52520C04253BF48B00E36C66 /* SceneDelegate.swift */; };
		52520C07253BF48B00E36C66 /* ViewController.swift in Sources */ = {isa = PBXBuildFile; fileRef = 52520C06253BF48B00E36C66 /* ViewController.swift */; };
		52520C0A253BF48B00E36C66 /* Main.storyboard in Resources */ = {isa = PBXBuildFile; fileRef = 52520C08253BF48B00E36C66 /* Main.storyboard */; };
		52520C0D253BF48B00E36C66 /* Food_Tracker_App.xcdatamodeld in Sources */ = {isa = PBXBuildFile; fileRef = 52520C0B253BF48B00E36C66 /* Food_Tracker_App.xcdatamodeld */; };
		52520C0F253BF48B00E36C66 /* Assets.xcassets in Resources */ = {isa = PBXBuildFile; fileRef = 52520C0E253BF48B00E36C66 /* Assets.xcassets */; };
		52520C12253BF48B00E36C66 /* LaunchScreen.storyboard in Resources */ = {isa = PBXBuildFile; fileRef = 52520C10253BF48B00E36C66 /* LaunchScreen.storyboard */; };
		52520C1D253BF48C00E36C66 /* Food_Tracker_AppTests.swift in Sources */ = {isa = PBXBuildFile; fileRef = 52520C1C253BF48C00E36C66 /* Food_Tracker_AppTests.swift */; };
		52520C28253BF48C00E36C66 /* Food_Tracker_AppUITests.swift in Sources */ = {isa = PBXBuildFile; fileRef = 52520C27253BF48C00E36C66 /* Food_Tracker_AppUITests.swift */; };
/* End PBXBuildFile section */

/* Begin PBXContainerItemProxy section */
		52520C19253BF48C00E36C66 /* PBXContainerItemProxy */ = {
			isa = PBXContainerItemProxy;
			containerPortal = 52520BF7253BF48B00E36C66 /* Project object */;
			proxyType = 1;
			remoteGlobalIDString = 52520BFE253BF48B00E36C66;
			remoteInfo = "Food Tracker App";
		};
		52520C24253BF48C00E36C66 /* PBXContainerItemProxy */ = {
			isa = PBXContainerItemProxy;
			containerPortal = 52520BF7253BF48B00E36C66 /* Project object */;
			proxyType = 1;
			remoteGlobalIDString = 52520BFE253BF48B00E36C66;
			remoteInfo = "Food Tracker App";
		};
/* End PBXContainerItemProxy section */

/* Begin PBXFileReference section */
		52520BFF253BF48B00E36C66 /* Food Tracker App.app */ = {isa = PBXFileReference; explicitFileType = wrapper.application; includeInIndex = 0; path = "Food Tracker App.app"; sourceTree = BUILT_PRODUCTS_DIR; };
		52520C02253BF48B00E36C66 /* AppDelegate.swift */ = {isa = PBXFileReference; lastKnownFileType = sourcecode.swift; path = AppDelegate.swift; sourceTree = "<group>"; };
		52520C04253BF48B00E36C66 /* SceneDelegate.swift */ = {isa = PBXFileReference; lastKnownFileType = sourcecode.swift; path = SceneDelegate.swift; sourceTree = "<group>"; };
		52520C06253BF48B00E36C66 /* ViewController.swift */ = {isa = PBXFileReference; lastKnownFileType = sourcecode.swift; path = ViewController.swift; sourceTree = "<group>"; };
		52520C09253BF48B00E36C66 /* Base */ = {isa = PBXFileReference; lastKnownFileType = file.storyboard; name = Base; path = Base.lproj/Main.storyboard; sourceTree = "<group>"; };
		52520C0C253BF48B00E36C66 /* Food_Tracker_App.xcdatamodel */ = {isa = PBXFileReference; lastKnownFileType = wrapper.xcdatamodel; path = Food_Tracker_App.xcdatamodel; sourceTree = "<group>"; };
		52520C0E253BF48B00E36C66 /* Assets.xcassets */ = {isa = PBXFileReference; lastKnownFileType = folder.assetcatalog; path = Assets.xcassets; sourceTree = "<group>"; };
		52520C11253BF48B00E36C66 /* Base */ = {isa = PBXFileReference; lastKnownFileType = file.storyboard; name = Base; path = Base.lproj/LaunchScreen.storyboard; sourceTree = "<group>"; };
		52520C13253BF48B00E36C66 /* Info.plist */ = {isa = PBXFileReference; lastKnownFileType = text.plist.xml; path = Info.plist; sourceTree = "<group>"; };
		52520C18253BF48C00E36C66 /* Food Tracker AppTests.xctest */ = {isa = PBXFileReference; explicitFileType = wrapper.cfbundle; includeInIndex = 0; path = "Food Tracker AppTests.xctest"; sourceTree = BUILT_PRODUCTS_DIR; };
		52520C1C253BF48C00E36C66 /* Food_Tracker_AppTests.swift */ = {isa = PBXFileReference; lastKnownFileType = sourcecode.swift; path = Food_Tracker_AppTests.swift; sourceTree = "<group>"; };
		52520C1E253BF48C00E36C66 /* Info.plist */ = {isa = PBXFileReference; lastKnownFileType = text.plist.xml; path = Info.plist; sourceTree = "<group>"; };
		52520C23253BF48C00E36C66 /* Food Tracker AppUITests.xctest */ = {isa = PBXFileReference; explicitFileType = wrapper.cfbundle; includeInIndex = 0; path = "Food Tracker AppUITests.xctest"; sourceTree = BUILT_PRODUCTS_DIR; };
		52520C27253BF48C00E36C66 /* Food_Tracker_AppUITests.swift */ = {isa = PBXFileReference; lastKnownFileType = sourcecode.swift; path = Food_Tracker_AppUITests.swift; sourceTree = "<group>"; };
		52520C29253BF48C00E36C66 /* Info.plist */ = {isa = PBXFileReference; lastKnownFileType = text.plist.xml; path = Info.plist; sourceTree = "<group>"; };
/* End PBXFileReference section */

/* Begin PBXFrameworksBuildPhase section */
		52520BFC253BF48B00E36C66 /* Frameworks */ = {
			isa = PBXFrameworksBuildPhase;
			buildActionMask = 2147483647;
			files = (
			);
			runOnlyForDeploymentPostprocessing = 0;
		};
		52520C15253BF48C00E36C66 /* Frameworks */ = {
			isa = PBXFrameworksBuildPhase;
			buildActionMask = 2147483647;
			files = (
			);
			runOnlyForDeploymentPostprocessing = 0;
		};
		52520C20253BF48C00E36C66 /* Frameworks */ = {
			isa = PBXFrameworksBuildPhase;
			buildActionMask = 2147483647;
			files = (
			);
			runOnlyForDeploymentPostprocessing = 0;
		};
/* End PBXFrameworksBuildPhase section */

/* Begin PBXGroup section */
		52520BF6253BF48B00E36C66 = {
			isa = PBXGroup;
			children = (
				52520C01253BF48B00E36C66 /* Food Tracker App */,
				52520C1B253BF48C00E36C66 /* Food Tracker AppTests */,
				52520C26253BF48C00E36C66 /* Food Tracker AppUITests */,
				52520C00253BF48B00E36C66 /* Products */,
			);
			sourceTree = "<group>";
		};
		52520C00253BF48B00E36C66 /* Products */ = {
			isa = PBXGroup;
			children = (
				52520BFF253BF48B00E36C66 /* Food Tracker App.app */,
				52520C18253BF48C00E36C66 /* Food Tracker AppTests.xctest */,
				52520C23253BF48C00E36C66 /* Food Tracker AppUITests.xctest */,
			);
			name = Products;
			sourceTree = "<group>";
		};
		52520C01253BF48B00E36C66 /* Food Tracker App */ = {
			isa = PBXGroup;
			children = (
				52520C02253BF48B00E36C66 /* AppDelegate.swift */,
				52520C04253BF48B00E36C66 /* SceneDelegate.swift */,
				52520C06253BF48B00E36C66 /* ViewController.swift */,
				52520C08253BF48B00E36C66 /* Main.storyboard */,
				52520C0E253BF48B00E36C66 /* Assets.xcassets */,
				52520C10253BF48B00E36C66 /* LaunchScreen.storyboard */,
				52520C13253BF48B00E36C66 /* Info.plist */,
				52520C0B253BF48B00E36C66 /* Food_Tracker_App.xcdatamodeld */,
			);
			path = "Food Tracker App";
			sourceTree = "<group>";
		};
		52520C1B253BF48C00E36C66 /* Food Tracker AppTests */ = {
			isa = PBXGroup;
			children = (
				52520C1C253BF48C00E36C66 /* Food_Tracker_AppTests.swift */,
				52520C1E253BF48C00E36C66 /* Info.plist */,
			);
			path = "Food Tracker AppTests";
			sourceTree = "<group>";
		};
		52520C26253BF48C00E36C66 /* Food Tracker AppUITests */ = {
			isa = PBXGroup;
			children = (
				52520C27253BF48C00E36C66 /* Food_Tracker_AppUITests.swift */,
				52520C29253BF48C00E36C66 /* Info.plist */,
			);
			path = "Food Tracker AppUITests";
			sourceTree = "<group>";
		};
/* End PBXGroup section */

/* Begin PBXNativeTarget section */
		52520BFE253BF48B00E36C66 /* Food Tracker App */ = {
			isa = PBXNativeTarget;
			buildConfigurationList = 52520C2C253BF48C00E36C66 /* Build configuration list for PBXNativeTarget "Food Tracker App" */;
			buildPhases = (
				52520BFB253BF48B00E36C66 /* Sources */,
				52520BFC253BF48B00E36C66 /* Frameworks */,
				52520BFD253BF48B00E36C66 /* Resources */,
			);
			buildRules = (
			);
			dependencies = (
			);
			name = "Food Tracker App";
			productName = "Food Tracker App";
			productReference = 52520BFF253BF48B00E36C66 /* Food Tracker App.app */;
			productType = "com.apple.product-type.application";
		};
		52520C17253BF48C00E36C66 /* Food Tracker AppTests */ = {
			isa = PBXNativeTarget;
			buildConfigurationList = 52520C2F253BF48C00E36C66 /* Build configuration list for PBXNativeTarget "Food Tracker AppTests" */;
			buildPhases = (
				52520C14253BF48C00E36C66 /* Sources */,
				52520C15253BF48C00E36C66 /* Frameworks */,
				52520C16253BF48C00E36C66 /* Resources */,
			);
			buildRules = (
			);
			dependencies = (
				52520C1A253BF48C00E36C66 /* PBXTargetDependency */,
			);
			name = "Food Tracker AppTests";
			productName = "Food Tracker AppTests";
			productReference = 52520C18253BF48C00E36C66 /* Food Tracker AppTests.xctest */;
			productType = "com.apple.product-type.bundle.unit-test";
		};
		52520C22253BF48C00E36C66 /* Food Tracker AppUITests */ = {
			isa = PBXNativeTarget;
			buildConfigurationList = 52520C32253BF48C00E36C66 /* Build configuration list for PBXNativeTarget "Food Tracker AppUITests" */;
			buildPhases = (
				52520C1F253BF48C00E36C66 /* Sources */,
				52520C20253BF48C00E36C66 /* Frameworks */,
				52520C21253BF48C00E36C66 /* Resources */,
			);
			buildRules = (
			);
			dependencies = (
				52520C25253BF48C00E36C66 /* PBXTargetDependency */,
			);
			name = "Food Tracker AppUITests";
			productName = "Food Tracker AppUITests";
			productReference = 52520C23253BF48C00E36C66 /* Food Tracker AppUITests.xctest */;
			productType = "com.apple.product-type.bundle.ui-testing";
		};
/* End PBXNativeTarget section */

/* Begin PBXProject section */
		52520BF7253BF48B00E36C66 /* Project object */ = {
			isa = PBXProject;
			attributes = {
				LastSwiftUpdateCheck = 1200;
				LastUpgradeCheck = 1200;
				TargetAttributes = {
					52520BFE253BF48B00E36C66 = {
						CreatedOnToolsVersion = 12.0.1;
					};
					52520C17253BF48C00E36C66 = {
						CreatedOnToolsVersion = 12.0.1;
						TestTargetID = 52520BFE253BF48B00E36C66;
					};
					52520C22253BF48C00E36C66 = {
						CreatedOnToolsVersion = 12.0.1;
						TestTargetID = 52520BFE253BF48B00E36C66;
					};
				};
			};
			buildConfigurationList = 52520BFA253BF48B00E36C66 /* Build configuration list for PBXProject "Food Tracker App" */;
			compatibilityVersion = "Xcode 9.3";
			developmentRegion = en;
			hasScannedForEncodings = 0;
			knownRegions = (
				en,
				Base,
			);
			mainGroup = 52520BF6253BF48B00E36C66;
			productRefGroup = 52520C00253BF48B00E36C66 /* Products */;
			projectDirPath = "";
			projectRoot = "";
			targets = (
				52520BFE253BF48B00E36C66 /* Food Tracker App */,
				52520C17253BF48C00E36C66 /* Food Tracker AppTests */,
				52520C22253BF48C00E36C66 /* Food Tracker AppUITests */,
			);
		};
/* End PBXProject section */

/* Begin PBXResourcesBuildPhase section */
		52520BFD253BF48B00E36C66 /* Resources */ = {
			isa = PBXResourcesBuildPhase;
			buildActionMask = 2147483647;
			files = (
				52520C12253BF48B00E36C66 /* LaunchScreen.storyboard in Resources */,
				52520C0F253BF48B00E36C66 /* Assets.xcassets in Resources */,
				52520C0A253BF48B00E36C66 /* Main.storyboard in Resources */,
			);
			runOnlyForDeploymentPostprocessing = 0;
		};
		52520C16253BF48C00E36C66 /* Resources */ = {
			isa = PBXResourcesBuildPhase;
			buildActionMask = 2147483647;
			files = (
			);
			runOnlyForDeploymentPostprocessing = 0;
		};
		52520C21253BF48C00E36C66 /* Resources */ = {
			isa = PBXResourcesBuildPhase;
			buildActionMask = 2147483647;
			files = (
			);
			runOnlyForDeploymentPostprocessing = 0;
		};
/* End PBXResourcesBuildPhase section */

/* Begin PBXSourcesBuildPhase section */
		52520BFB253BF48B00E36C66 /* Sources */ = {
			isa = PBXSourcesBuildPhase;
			buildActionMask = 2147483647;
			files = (
				52520C0D253BF48B00E36C66 /* Food_Tracker_App.xcdatamodeld in Sources */,
				52520C07253BF48B00E36C66 /* ViewController.swift in Sources */,
				52520C03253BF48B00E36C66 /* AppDelegate.swift in Sources */,
				52520C05253BF48B00E36C66 /* SceneDelegate.swift in Sources */,
			);
			runOnlyForDeploymentPostprocessing = 0;
		};
		52520C14253BF48C00E36C66 /* Sources */ = {
			isa = PBXSourcesBuildPhase;
			buildActionMask = 2147483647;
			files = (
				52520C1D253BF48C00E36C66 /* Food_Tracker_AppTests.swift in Sources */,
			);
			runOnlyForDeploymentPostprocessing = 0;
		};
		52520C1F253BF48C00E36C66 /* Sources */ = {
			isa = PBXSourcesBuildPhase;
			buildActionMask = 2147483647;
			files = (
				52520C28253BF48C00E36C66 /* Food_Tracker_AppUITests.swift in Sources */,
			);
			runOnlyForDeploymentPostprocessing = 0;
		};
/* End PBXSourcesBuildPhase section */

/* Begin PBXTargetDependency section */
		52520C1A253BF48C00E36C66 /* PBXTargetDependency */ = {
			isa = PBXTargetDependency;
			target = 52520BFE253BF48B00E36C66 /* Food Tracker App */;
			targetProxy = 52520C19253BF48C00E36C66 /* PBXContainerItemProxy */;
		};
		52520C25253BF48C00E36C66 /* PBXTargetDependency */ = {
			isa = PBXTargetDependency;
			target = 52520BFE253BF48B00E36C66 /* Food Tracker App */;
			targetProxy = 52520C24253BF48C00E36C66 /* PBXContainerItemProxy */;
		};
/* End PBXTargetDependency section */

/* Begin PBXVariantGroup section */
		52520C08253BF48B00E36C66 /* Main.storyboard */ = {
			isa = PBXVariantGroup;
			children = (
				52520C09253BF48B00E36C66 /* Base */,
			);
			name = Main.storyboard;
			sourceTree = "<group>";
		};
		52520C10253BF48B00E36C66 /* LaunchScreen.storyboard */ = {
			isa = PBXVariantGroup;
			children = (
				52520C11253BF48B00E36C66 /* Base */,
			);
			name = LaunchScreen.storyboard;
			sourceTree = "<group>";
		};
/* End PBXVariantGroup section */

/* Begin XCBuildConfiguration section */
		52520C2A253BF48C00E36C66 /* Debug */ = {
			isa = XCBuildConfiguration;
			buildSettings = {
				ALWAYS_SEARCH_USER_PATHS = NO;
				CLANG_ANALYZER_NONNULL = YES;
				CLANG_ANALYZER_NUMBER_OBJECT_CONVERSION = YES_AGGRESSIVE;
				CLANG_CXX_LANGUAGE_STANDARD = "gnu++14";
				CLANG_CXX_LIBRARY = "libc++";
				CLANG_ENABLE_MODULES = YES;
				CLANG_ENABLE_OBJC_ARC = YES;
				CLANG_ENABLE_OBJC_WEAK = YES;
				CLANG_WARN_BLOCK_CAPTURE_AUTORELEASING = YES;
				CLANG_WARN_BOOL_CONVERSION = YES;
				CLANG_WARN_COMMA = YES;
				CLANG_WARN_CONSTANT_CONVERSION = YES;
				CLANG_WARN_DEPRECATED_OBJC_IMPLEMENTATIONS = YES;
				CLANG_WARN_DIRECT_OBJC_ISA_USAGE = YES_ERROR;
				CLANG_WARN_DOCUMENTATION_COMMENTS = YES;
				CLANG_WARN_EMPTY_BODY = YES;
				CLANG_WARN_ENUM_CONVERSION = YES;
				CLANG_WARN_INFINITE_RECURSION = YES;
				CLANG_WARN_INT_CONVERSION = YES;
				CLANG_WARN_NON_LITERAL_NULL_CONVERSION = YES;
				CLANG_WARN_OBJC_IMPLICIT_RETAIN_SELF = YES;
				CLANG_WARN_OBJC_LITERAL_CONVERSION = YES;
				CLANG_WARN_OBJC_ROOT_CLASS = YES_ERROR;
				CLANG_WARN_QUOTED_INCLUDE_IN_FRAMEWORK_HEADER = YES;
				CLANG_WARN_RANGE_LOOP_ANALYSIS = YES;
				CLANG_WARN_STRICT_PROTOTYPES = YES;
				CLANG_WARN_SUSPICIOUS_MOVE = YES;
				CLANG_WARN_UNGUARDED_AVAILABILITY = YES_AGGRESSIVE;
				CLANG_WARN_UNREACHABLE_CODE = YES;
				CLANG_WARN__DUPLICATE_METHOD_MATCH = YES;
				COPY_PHASE_STRIP = NO;
				DEBUG_INFORMATION_FORMAT = dwarf;
				ENABLE_STRICT_OBJC_MSGSEND = YES;
				ENABLE_TESTABILITY = YES;
				GCC_C_LANGUAGE_STANDARD = gnu11;
				GCC_DYNAMIC_NO_PIC = NO;
				GCC_NO_COMMON_BLOCKS = YES;
				GCC_OPTIMIZATION_LEVEL = 0;
				GCC_PREPROCESSOR_DEFINITIONS = (
					"DEBUG=1",
					"$(inherited)",
				);
				GCC_WARN_64_TO_32_BIT_CONVERSION = YES;
				GCC_WARN_ABOUT_RETURN_TYPE = YES_ERROR;
				GCC_WARN_UNDECLARED_SELECTOR = YES;
				GCC_WARN_UNINITIALIZED_AUTOS = YES_AGGRESSIVE;
				GCC_WARN_UNUSED_FUNCTION = YES;
				GCC_WARN_UNUSED_VARIABLE = YES;
				IPHONEOS_DEPLOYMENT_TARGET = 14.0;
				MTL_ENABLE_DEBUG_INFO = INCLUDE_SOURCE;
				MTL_FAST_MATH = YES;
				ONLY_ACTIVE_ARCH = YES;
				SDKROOT = iphoneos;
				SWIFT_ACTIVE_COMPILATION_CONDITIONS = DEBUG;
				SWIFT_OPTIMIZATION_LEVEL = "-Onone";
			};
			name = Debug;
		};
		52520C2B253BF48C00E36C66 /* Release */ = {
			isa = XCBuildConfiguration;
			buildSettings = {
				ALWAYS_SEARCH_USER_PATHS = NO;
				CLANG_ANALYZER_NONNULL = YES;
				CLANG_ANALYZER_NUMBER_OBJECT_CONVERSION = YES_AGGRESSIVE;
				CLANG_CXX_LANGUAGE_STANDARD = "gnu++14";
				CLANG_CXX_LIBRARY = "libc++";
				CLANG_ENABLE_MODULES = YES;
				CLANG_ENABLE_OBJC_ARC = YES;
				CLANG_ENABLE_OBJC_WEAK = YES;
				CLANG_WARN_BLOCK_CAPTURE_AUTORELEASING = YES;
				CLANG_WARN_BOOL_CONVERSION = YES;
				CLANG_WARN_COMMA = YES;
				CLANG_WARN_CONSTANT_CONVERSION = YES;
				CLANG_WARN_DEPRECATED_OBJC_IMPLEMENTATIONS = YES;
				CLANG_WARN_DIRECT_OBJC_ISA_USAGE = YES_ERROR;
				CLANG_WARN_DOCUMENTATION_COMMENTS = YES;
				CLANG_WARN_EMPTY_BODY = YES;
				CLANG_WARN_ENUM_CONVERSION = YES;
				CLANG_WARN_INFINITE_RECURSION = YES;
				CLANG_WARN_INT_CONVERSION = YES;
				CLANG_WARN_NON_LITERAL_NULL_CONVERSION = YES;
				CLANG_WARN_OBJC_IMPLICIT_RETAIN_SELF = YES;
				CLANG_WARN_OBJC_LITERAL_CONVERSION = YES;
				CLANG_WARN_OBJC_ROOT_CLASS = YES_ERROR;
				CLANG_WARN_QUOTED_INCLUDE_IN_FRAMEWORK_HEADER = YES;
				CLANG_WARN_RANGE_LOOP_ANALYSIS = YES;
				CLANG_WARN_STRICT_PROTOTYPES = YES;
				CLANG_WARN_SUSPICIOUS_MOVE = YES;
				CLANG_WARN_UNGUARDED_AVAILABILITY = YES_AGGRESSIVE;
				CLANG_WARN_UNREACHABLE_CODE = YES;
				CLANG_WARN__DUPLICATE_METHOD_MATCH = YES;
				COPY_PHASE_STRIP = NO;
				DEBUG_INFORMATION_FORMAT = "dwarf-with-dsym";
				ENABLE_NS_ASSERTIONS = NO;
				ENABLE_STRICT_OBJC_MSGSEND = YES;
				GCC_C_LANGUAGE_STANDARD = gnu11;
				GCC_NO_COMMON_BLOCKS = YES;
				GCC_WARN_64_TO_32_BIT_CONVERSION = YES;
				GCC_WARN_ABOUT_RETURN_TYPE = YES_ERROR;
				GCC_WARN_UNDECLARED_SELECTOR = YES;
				GCC_WARN_UNINITIALIZED_AUTOS = YES_AGGRESSIVE;
				GCC_WARN_UNUSED_FUNCTION = YES;
				GCC_WARN_UNUSED_VARIABLE = YES;
				IPHONEOS_DEPLOYMENT_TARGET = 14.0;
				MTL_ENABLE_DEBUG_INFO = NO;
				MTL_FAST_MATH = YES;
				SDKROOT = iphoneos;
				SWIFT_COMPILATION_MODE = wholemodule;
				SWIFT_OPTIMIZATION_LEVEL = "-O";
				VALIDATE_PRODUCT = YES;
			};
			name = Release;
		};
		52520C2D253BF48C00E36C66 /* Debug */ = {
			isa = XCBuildConfiguration;
			buildSettings = {
				ASSETCATALOG_COMPILER_APPICON_NAME = AppIcon;
				ASSETCATALOG_COMPILER_GLOBAL_ACCENT_COLOR_NAME = AccentColor;
				CODE_SIGN_STYLE = Automatic;
				INFOPLIST_FILE = "Food Tracker App/Info.plist";
				LD_RUNPATH_SEARCH_PATHS = (
					"$(inherited)",
					"@executable_path/Frameworks",
				);
				PRODUCT_BUNDLE_IDENTIFIER = "com.example.Food-Tracker-App";
				PRODUCT_NAME = "$(TARGET_NAME)";
				SWIFT_VERSION = 5.0;
				TARGETED_DEVICE_FAMILY = "1,2";
			};
			name = Debug;
		};
		52520C2E253BF48C00E36C66 /* Release */ = {
			isa = XCBuildConfiguration;
			buildSettings = {
				ASSETCATALOG_COMPILER_APPICON_NAME = AppIcon;
				ASSETCATALOG_COMPILER_GLOBAL_ACCENT_COLOR_NAME = AccentColor;
				CODE_SIGN_STYLE = Automatic;
				INFOPLIST_FILE = "Food Tracker App/Info.plist";
				LD_RUNPATH_SEARCH_PATHS = (
					"$(inherited)",
					"@executable_path/Frameworks",
				);
				PRODUCT_BUNDLE_IDENTIFIER = "com.example.Food-Tracker-App";
				PRODUCT_NAME = "$(TARGET_NAME)";
				SWIFT_VERSION = 5.0;
				TARGETED_DEVICE_FAMILY = "1,2";
			};
			name = Release;
		};
		52520C30253BF48C00E36C66 /* Debug */ = {
			isa = XCBuildConfiguration;
			buildSettings = {
				ALWAYS_EMBED_SWIFT_STANDARD_LIBRARIES = YES;
				BUNDLE_LOADER = "$(TEST_HOST)";
				CODE_SIGN_STYLE = Automatic;
				INFOPLIST_FILE = "Food Tracker AppTests/Info.plist";
				IPHONEOS_DEPLOYMENT_TARGET = 14.0;
				LD_RUNPATH_SEARCH_PATHS = (
					"$(inherited)",
					"@executable_path/Frameworks",
					"@loader_path/Frameworks",
				);
				PRODUCT_BUNDLE_IDENTIFIER = "com.example.Food-Tracker-AppTests";
				PRODUCT_NAME = "$(TARGET_NAME)";
				SWIFT_VERSION = 5.0;
				TARGETED_DEVICE_FAMILY = "1,2";
				TEST_HOST = "$(BUILT_PRODUCTS_DIR)/Food Tracker App.app/Food Tracker App";
			};
			name = Debug;
		};
		52520C31253BF48C00E36C66 /* Release */ = {
			isa = XCBuildConfiguration;
			buildSettings = {
				ALWAYS_EMBED_SWIFT_STANDARD_LIBRARIES = YES;
				BUNDLE_LOADER = "$(TEST_HOST)";
				CODE_SIGN_STYLE = Automatic;
				INFOPLIST_FILE = "Food Tracker AppTests/Info.plist";
				IPHONEOS_DEPLOYMENT_TARGET = 14.0;
				LD_RUNPATH_SEARCH_PATHS = (
					"$(inherited)",
					"@executable_path/Frameworks",
					"@loader_path/Frameworks",
				);
				PRODUCT_BUNDLE_IDENTIFIER = "com.example.Food-Tracker-AppTests";
				PRODUCT_NAME = "$(TARGET_NAME)";
				SWIFT_VERSION = 5.0;
				TARGETED_DEVICE_FAMILY = "1,2";
				TEST_HOST = "$(BUILT_PRODUCTS_DIR)/Food Tracker App.app/Food Tracker App";
			};
			name = Release;
		};
		52520C33253BF48C00E36C66 /* Debug */ = {
			isa = XCBuildConfiguration;
			buildSettings = {
				ALWAYS_EMBED_SWIFT_STANDARD_LIBRARIES = YES;
				CODE_SIGN_STYLE = Automatic;
				INFOPLIST_FILE = "Food Tracker AppUITests/Info.plist";
				LD_RUNPATH_SEARCH_PATHS = (
					"$(inherited)",
					"@executable_path/Frameworks",
					"@loader_path/Frameworks",
				);
				PRODUCT_BUNDLE_IDENTIFIER = "com.example.Food-Tracker-AppUITests";
				PRODUCT_NAME = "$(TARGET_NAME)";
				SWIFT_VERSION = 5.0;
				TARGETED_DEVICE_FAMILY = "1,2";
				TEST_TARGET_NAME = "Food Tracker App";
			};
			name = Debug;
		};
		52520C34253BF48C00E36C66 /* Release */ = {
			isa = XCBuildConfiguration;
			buildSettings = {
				ALWAYS_EMBED_SWIFT_STANDARD_LIBRARIES = YES;
				CODE_SIGN_STYLE = Automatic;
				INFOPLIST_FILE = "Food Tracker AppUITests/Info.plist";
				LD_RUNPATH_SEARCH_PATHS = (
					"$(inherited)",
					"@executable_path/Frameworks",
					"@loader_path/Frameworks",
				);
				PRODUCT_BUNDLE_IDENTIFIER = "com.example.Food-Tracker-AppUITests";
				PRODUCT_NAME = "$(TARGET_NAME)";
				SWIFT_VERSION = 5.0;
				TARGETED_DEVICE_FAMILY = "1,2";
				TEST_TARGET_NAME = "Food Tracker App";
			};
			name = Release;
		};
/* End XCBuildConfiguration section */

/* Begin XCConfigurationList section */
		52520BFA253BF48B00E36C66 /* Build configuration list for PBXProject "Food Tracker App" */ = {
			isa = XCConfigurationList;
			buildConfigurations = (
				52520C2A253BF48C00E36C66 /* Debug */,
				52520C2B253BF48C00E36C66 /* Release */,
			);
			defaultConfigurationIsVisible = 0;
			defaultConfigurationName = Release;
		};
		52520C2C253BF48C00E36C66 /* Build configuration list for PBXNativeTarget "Food Tracker App" */ = {
			isa = XCConfigurationList;
			buildConfigurations = (
				52520C2D253BF48C00E36C66 /* Debug */,
				52520C2E253BF48C00E36C66 /* Release */,
			);
			defaultConfigurationIsVisible = 0;
			defaultConfigurationName = Release;
		};
		52520C2F253BF48C00E36C66 /* Build configuration list for PBXNativeTarget "Food Tracker AppTests" */ = {
			isa = XCConfigurationList;
			buildConfigurations = (
				52520C30253BF48C00E36C66 /* Debug */,
				52520C31253BF48C00E36C66 /* Release */,
			);
			defaultConfigurationIsVisible = 0;
			defaultConfigurationName = Release;
		};
		52520C32253BF48C00E36C66 /* Build configuration list for PBXNativeTarget "Food Tracker AppUITests" */ = {
			isa = XCConfigurationList;
			buildConfigurations = (
				52520C33253BF48C00E36C66 /* Debug */,
				52520C34253BF48C00E36C66 /* Release */,
			);
			defaultConfigurationIsVisible = 0;
			defaultConfigurationName = Release;
		};
/* End XCConfigurationList section */

/* Begin XCVersionGroup section */
		52520C0B253BF48B00E36C66 /* Food_Tracker_App.xcdatamodeld */ = {
			isa = XCVersionGroup;
			children = (
				52520C0C253BF48B00E36C66 /* Food_Tracker_App.xcdatamodel */,
			);
			currentVersion = 52520C0C253BF48B00E36C66 /* Food_Tracker_App.xcdatamodel */;
			path = Food_Tracker_App.xcdatamodeld;
			sourceTree = "<group>";
			versionGroupType = wrapper.xcdatamodel;
		};
/* End XCVersionGroup section */
	};
	rootObject = 52520BF7253BF48B00E36C66 /* Project object */;
}
